
Microsoft Visual Studio Solution File, Format Version 12.00
# Visual Studio Version 17
VisualStudioVersion = 17.6.33801.468
MinimumVisualStudioVersion = 10.0.40219.1
Project("{9A19103F-16F7-4668-BE54-9A1E7A4F7556}") = "ProniaApp", "ProniaApp\ProniaApp.csproj", "{CA3B7184-311E-4698-97C3-FEF228FACBEE}"
EndProject
Project("{FAE04EC0-301F-11D3-BF4B-00C04F79EFBC}") = "Pronia.Core", "Pronia.Core\Pronia.Core.csproj", "{6D101214-7FF7-4BC1-B015-4AAD3F4D627F}"
EndProject
Project("{FAE04EC0-301F-11D3-BF4B-00C04F79EFBC}") = "Pronia.DataAcces", "Pronia.DataAcces\Pronia.DataAcces.csproj", "{44CDC2D9-949B-46D5-981F-56E357FB48E8}"
EndProject
Global
	GlobalSection(SolutionConfigurationPlatforms) = preSolution
		Debug|Any CPU = Debug|Any CPU
		Release|Any CPU = Release|Any CPU
	EndGlobalSection
	GlobalSection(ProjectConfigurationPlatforms) = postSolution
		{CA3B7184-311E-4698-97C3-FEF228FACBEE}.Debug|Any CPU.ActiveCfg = Debug|Any CPU
		{CA3B7184-311E-4698-97C3-FEF228FACBEE}.Debug|Any CPU.Build.0 = Debug|Any CPU
		{CA3B7184-311E-4698-97C3-FEF228FACBEE}.Release|Any CPU.ActiveCfg = Release|Any CPU
		{CA3B7184-311E-4698-97C3-FEF228FACBEE}.Release|Any CPU.Build.0 = Release|Any CPU
		{6D101214-7FF7-4BC1-B015-4AAD3F4D627F}.Debug|Any CPU.ActiveCfg = Debug|Any CPU
		{6D101214-7FF7-4BC1-B015-4AAD3F4D627F}.Debug|Any CPU.Build.0 = Debug|Any CPU
		{6D101214-7FF7-4BC1-B015-4AAD3F4D627F}.Release|Any CPU.ActiveCfg = Release|Any CPU
		{6D101214-7FF7-4BC1-B015-4AAD3F4D627F}.Release|Any CPU.Build.0 = Release|Any CPU
		{44CDC2D9-949B-46D5-981F-56E357FB48E8}.Debug|Any CPU.ActiveCfg = Debug|Any CPU
		{44CDC2D9-949B-46D5-981F-56E357FB48E8}.Debug|Any CPU.Build.0 = Debug|Any CPU
		{44CDC2D9-949B-46D5-981F-56E357FB48E8}.Release|Any CPU.ActiveCfg = Release|Any CPU
		{44CDC2D9-949B-46D5-981F-56E357FB48E8}.Release|Any CPU.Build.0 = Release|Any CPU
	EndGlobalSection
	GlobalSection(SolutionProperties) = preSolution
		HideSolutionNode = FALSE
	EndGlobalSection
	GlobalSection(ExtensibilityGlobals) = postSolution
		SolutionGuid = {4BCE5B16-AD4B-4F07-A6D0-D62CD841D3EC}
	EndGlobalSection
EndGlobal
